
Microsoft Visual Studio Solution File, Format Version 12.00
# Visual Studio Version 16
VisualStudioVersion = 16.0.29102.190
MinimumVisualStudioVersion = 10.0.40219.1
Project("{FAE04EC0-301F-11D3-BF4B-00C04F79EFBC}") = "CreateClass", "CreateClass\CreateClass.csproj", "{5247E487-2AB6-4976-AF6B-79C0A7F59AA0}"
EndProject
Global
	GlobalSection(SolutionConfigurationPlatforms) = preSolution
		Debug|Any CPU = Debug|Any CPU
		Release|Any CPU = Release|Any CPU
		Run without debugging|Any CPU = Run without debugging|Any CPU
	EndGlobalSection
	GlobalSection(ProjectConfigurationPlatforms) = postSolution
		{5247E487-2AB6-4976-AF6B-79C0A7F59AA0}.Debug|Any CPU.ActiveCfg = Debug|Any CPU
		{5247E487-2AB6-4976-AF6B-79C0A7F59AA0}.Debug|Any CPU.Build.0 = Debug|Any CPU
		{5247E487-2AB6-4976-AF6B-79C0A7F59AA0}.Release|Any CPU.ActiveCfg = Release|Any CPU
		{5247E487-2AB6-4976-AF6B-79C0A7F59AA0}.Release|Any CPU.Build.0 = Release|Any CPU
		{5247E487-2AB6-4976-AF6B-79C0A7F59AA0}.Run without debugging|Any CPU.ActiveCfg = Run without debugging|Any CPU
		{5247E487-2AB6-4976-AF6B-79C0A7F59AA0}.Run without debugging|Any CPU.Build.0 = Run without debugging|Any CPU
	EndGlobalSection
	GlobalSection(SolutionProperties) = preSolution
		HideSolutionNode = FALSE
	EndGlobalSection
	GlobalSection(ExtensibilityGlobals) = postSolution
		SolutionGuid = {1F26BC70-EA09-4BE1-AB11-09FA1946A003}
	EndGlobalSection
EndGlobal
